
Microsoft Visual Studio Solution File, Format Version 12.00
# Visual Studio 15
VisualStudioVersion = 15.0.26228.4
MinimumVisualStudioVersion = 10.0.40219.1
Project("{F2A71F9B-5D33-465A-A702-920D77279786}") = "OpenCoverPathConverter", "OpenCoverPathConverter\OpenCoverPathConverter.fsproj", "{969672F4-D93B-4888-A6EA-4113A0D55488}"
EndProject
Global
	GlobalSection(SolutionConfigurationPlatforms) = preSolution
		Debug|Any CPU = Debug|Any CPU
		Debug|x64 = Debug|x64
		Debug|x86 = Debug|x86
		Release|Any CPU = Release|Any CPU
		Release|x64 = Release|x64
		Release|x86 = Release|x86
	EndGlobalSection
	GlobalSection(ProjectConfigurationPlatforms) = postSolution
		{9B154406-0AF6-45A9-BF32-9C5C23822B6B}.Debug|Any CPU.ActiveCfg = Debug|Any CPU
		{9B154406-0AF6-45A9-BF32-9C5C23822B6B}.Debug|Any CPU.Build.0 = Debug|Any CPU
		{9B154406-0AF6-45A9-BF32-9C5C23822B6B}.Debug|x64.ActiveCfg = Debug|Any CPU
		{9B154406-0AF6-45A9-BF32-9C5C23822B6B}.Debug|x64.Build.0 = Debug|Any CPU
		{9B154406-0AF6-45A9-BF32-9C5C23822B6B}.Debug|x86.ActiveCfg = Debug|Any CPU
		{9B154406-0AF6-45A9-BF32-9C5C23822B6B}.Debug|x86.Build.0 = Debug|Any CPU
		{9B154406-0AF6-45A9-BF32-9C5C23822B6B}.Release|Any CPU.ActiveCfg = Release|Any CPU
		{9B154406-0AF6-45A9-BF32-9C5C23822B6B}.Release|Any CPU.Build.0 = Release|Any CPU
		{9B154406-0AF6-45A9-BF32-9C5C23822B6B}.Release|x64.ActiveCfg = Release|Any CPU
		{9B154406-0AF6-45A9-BF32-9C5C23822B6B}.Release|x64.Build.0 = Release|Any CPU
		{9B154406-0AF6-45A9-BF32-9C5C23822B6B}.Release|x86.ActiveCfg = Release|Any CPU
		{9B154406-0AF6-45A9-BF32-9C5C23822B6B}.Release|x86.Build.0 = Release|Any CPU
		{8E7D4AC9-AB34-4F3A-BFC6-7BC7B9AAC9AE}.Debug|Any CPU.ActiveCfg = Debug|Any CPU
		{8E7D4AC9-AB34-4F3A-BFC6-7BC7B9AAC9AE}.Debug|Any CPU.Build.0 = Debug|Any CPU
		{8E7D4AC9-AB34-4F3A-BFC6-7BC7B9AAC9AE}.Debug|x64.ActiveCfg = Debug|Any CPU
		{8E7D4AC9-AB34-4F3A-BFC6-7BC7B9AAC9AE}.Debug|x64.Build.0 = Debug|Any CPU
		{8E7D4AC9-AB34-4F3A-BFC6-7BC7B9AAC9AE}.Debug|x86.ActiveCfg = Debug|Any CPU
		{8E7D4AC9-AB34-4F3A-BFC6-7BC7B9AAC9AE}.Debug|x86.Build.0 = Debug|Any CPU
		{8E7D4AC9-AB34-4F3A-BFC6-7BC7B9AAC9AE}.Release|Any CPU.ActiveCfg = Release|Any CPU
		{8E7D4AC9-AB34-4F3A-BFC6-7BC7B9AAC9AE}.Release|Any CPU.Build.0 = Release|Any CPU
		{8E7D4AC9-AB34-4F3A-BFC6-7BC7B9AAC9AE}.Release|x64.ActiveCfg = Release|Any CPU
		{8E7D4AC9-AB34-4F3A-BFC6-7BC7B9AAC9AE}.Release|x64.Build.0 = Release|Any CPU
		{8E7D4AC9-AB34-4F3A-BFC6-7BC7B9AAC9AE}.Release|x86.ActiveCfg = Release|Any CPU
		{8E7D4AC9-AB34-4F3A-BFC6-7BC7B9AAC9AE}.Release|x86.Build.0 = Release|Any CPU
		{705621E7-A1AE-478C-B781-FA8C5F474B05}.Debug|Any CPU.ActiveCfg = Debug|Any CPU
		{705621E7-A1AE-478C-B781-FA8C5F474B05}.Debug|Any CPU.Build.0 = Debug|Any CPU
		{705621E7-A1AE-478C-B781-FA8C5F474B05}.Debug|x64.ActiveCfg = Debug|Any CPU
		{705621E7-A1AE-478C-B781-FA8C5F474B05}.Debug|x64.Build.0 = Debug|Any CPU
		{705621E7-A1AE-478C-B781-FA8C5F474B05}.Debug|x86.ActiveCfg = Debug|Any CPU
		{705621E7-A1AE-478C-B781-FA8C5F474B05}.Debug|x86.Build.0 = Debug|Any CPU
		{705621E7-A1AE-478C-B781-FA8C5F474B05}.Release|Any CPU.ActiveCfg = Release|Any CPU
		{705621E7-A1AE-478C-B781-FA8C5F474B05}.Release|Any CPU.Build.0 = Release|Any CPU
		{705621E7-A1AE-478C-B781-FA8C5F474B05}.Release|x64.ActiveCfg = Release|Any CPU
		{705621E7-A1AE-478C-B781-FA8C5F474B05}.Release|x64.Build.0 = Release|Any CPU
		{705621E7-A1AE-478C-B781-FA8C5F474B05}.Release|x86.ActiveCfg = Release|Any CPU
		{705621E7-A1AE-478C-B781-FA8C5F474B05}.Release|x86.Build.0 = Release|Any CPU
		{FD3D54D0-3DC2-4F8F-BF72-8DF49A60A2A5}.Debug|Any CPU.ActiveCfg = Debug|Any CPU
		{FD3D54D0-3DC2-4F8F-BF72-8DF49A60A2A5}.Debug|Any CPU.Build.0 = Debug|Any CPU
		{FD3D54D0-3DC2-4F8F-BF72-8DF49A60A2A5}.Debug|x64.ActiveCfg = Debug|Any CPU
		{FD3D54D0-3DC2-4F8F-BF72-8DF49A60A2A5}.Debug|x64.Build.0 = Debug|Any CPU
		{FD3D54D0-3DC2-4F8F-BF72-8DF49A60A2A5}.Debug|x86.ActiveCfg = Debug|Any CPU
		{FD3D54D0-3DC2-4F8F-BF72-8DF49A60A2A5}.Debug|x86.Build.0 = Debug|Any CPU
		{FD3D54D0-3DC2-4F8F-BF72-8DF49A60A2A5}.Release|Any CPU.ActiveCfg = Release|Any CPU
		{FD3D54D0-3DC2-4F8F-BF72-8DF49A60A2A5}.Release|Any CPU.Build.0 = Release|Any CPU
		{FD3D54D0-3DC2-4F8F-BF72-8DF49A60A2A5}.Release|x64.ActiveCfg = Release|Any CPU
		{FD3D54D0-3DC2-4F8F-BF72-8DF49A60A2A5}.Release|x64.Build.0 = Release|Any CPU
		{FD3D54D0-3DC2-4F8F-BF72-8DF49A60A2A5}.Release|x86.ActiveCfg = Release|Any CPU
		{FD3D54D0-3DC2-4F8F-BF72-8DF49A60A2A5}.Release|x86.Build.0 = Release|Any CPU
		{D6D983A1-3D45-4357-830E-015CA4C3CD1D}.Debug|Any CPU.ActiveCfg = Debug|Any CPU
		{D6D983A1-3D45-4357-830E-015CA4C3CD1D}.Debug|Any CPU.Build.0 = Debug|Any CPU
		{D6D983A1-3D45-4357-830E-015CA4C3CD1D}.Debug|x64.ActiveCfg = Debug|Any CPU
		{D6D983A1-3D45-4357-830E-015CA4C3CD1D}.Debug|x64.Build.0 = Debug|Any CPU
		{D6D983A1-3D45-4357-830E-015CA4C3CD1D}.Debug|x86.ActiveCfg = Debug|Any CPU
		{D6D983A1-3D45-4357-830E-015CA4C3CD1D}.Debug|x86.Build.0 = Debug|Any CPU
		{D6D983A1-3D45-4357-830E-015CA4C3CD1D}.Release|Any CPU.ActiveCfg = Release|Any CPU
		{D6D983A1-3D45-4357-830E-015CA4C3CD1D}.Release|Any CPU.Build.0 = Release|Any CPU
		{D6D983A1-3D45-4357-830E-015CA4C3CD1D}.Release|x64.ActiveCfg = Release|Any CPU
		{D6D983A1-3D45-4357-830E-015CA4C3CD1D}.Release|x64.Build.0 = Release|Any CPU
		{D6D983A1-3D45-4357-830E-015CA4C3CD1D}.Release|x86.ActiveCfg = Release|Any CPU
		{D6D983A1-3D45-4357-830E-015CA4C3CD1D}.Release|x86.Build.0 = Release|Any CPU
		{A0BB6836-F5B1-4A67-B675-12E5F017808B}.Debug|Any CPU.ActiveCfg = Debug|Any CPU
		{A0BB6836-F5B1-4A67-B675-12E5F017808B}.Debug|Any CPU.Build.0 = Debug|Any CPU
		{A0BB6836-F5B1-4A67-B675-12E5F017808B}.Debug|x64.ActiveCfg = Debug|Any CPU
		{A0BB6836-F5B1-4A67-B675-12E5F017808B}.Debug|x64.Build.0 = Debug|Any CPU
		{A0BB6836-F5B1-4A67-B675-12E5F017808B}.Debug|x86.ActiveCfg = Debug|Any CPU
		{A0BB6836-F5B1-4A67-B675-12E5F017808B}.Debug|x86.Build.0 = Debug|Any CPU
		{A0BB6836-F5B1-4A67-B675-12E5F017808B}.Release|Any CPU.ActiveCfg = Release|Any CPU
		{A0BB6836-F5B1-4A67-B675-12E5F017808B}.Release|Any CPU.Build.0 = Release|Any CPU
		{A0BB6836-F5B1-4A67-B675-12E5F017808B}.Release|x64.ActiveCfg = Release|Any CPU
		{A0BB6836-F5B1-4A67-B675-12E5F017808B}.Release|x64.Build.0 = Release|Any CPU
		{A0BB6836-F5B1-4A67-B675-12E5F017808B}.Release|x86.ActiveCfg = Release|Any CPU
		{A0BB6836-F5B1-4A67-B675-12E5F017808B}.Release|x86.Build.0 = Release|Any CPU
		{5902C901-86A3-42EA-A348-2916CD87568C}.Debug|Any CPU.ActiveCfg = Debug|Any CPU
		{5902C901-86A3-42EA-A348-2916CD87568C}.Debug|Any CPU.Build.0 = Debug|Any CPU
		{5902C901-86A3-42EA-A348-2916CD87568C}.Debug|x64.ActiveCfg = Debug|Any CPU
		{5902C901-86A3-42EA-A348-2916CD87568C}.Debug|x64.Build.0 = Debug|Any CPU
		{5902C901-86A3-42EA-A348-2916CD87568C}.Debug|x86.ActiveCfg = Debug|Any CPU
		{5902C901-86A3-42EA-A348-2916CD87568C}.Debug|x86.Build.0 = Debug|Any CPU
		{5902C901-86A3-42EA-A348-2916CD87568C}.Release|Any CPU.ActiveCfg = Release|Any CPU
		{5902C901-86A3-42EA-A348-2916CD87568C}.Release|Any CPU.Build.0 = Release|Any CPU
		{5902C901-86A3-42EA-A348-2916CD87568C}.Release|x64.ActiveCfg = Release|Any CPU
		{5902C901-86A3-42EA-A348-2916CD87568C}.Release|x64.Build.0 = Release|Any CPU
		{5902C901-86A3-42EA-A348-2916CD87568C}.Release|x86.ActiveCfg = Release|Any CPU
		{5902C901-86A3-42EA-A348-2916CD87568C}.Release|x86.Build.0 = Release|Any CPU
		{975575D6-036E-45CC-ACD4-E323CA42C871}.Debug|Any CPU.ActiveCfg = Debug|Any CPU
		{975575D6-036E-45CC-ACD4-E323CA42C871}.Debug|Any CPU.Build.0 = Debug|Any CPU
		{975575D6-036E-45CC-ACD4-E323CA42C871}.Debug|x64.ActiveCfg = Debug|Any CPU
		{975575D6-036E-45CC-ACD4-E323CA42C871}.Debug|x64.Build.0 = Debug|Any CPU
		{975575D6-036E-45CC-ACD4-E323CA42C871}.Debug|x86.ActiveCfg = Debug|Any CPU
		{975575D6-036E-45CC-ACD4-E323CA42C871}.Debug|x86.Build.0 = Debug|Any CPU
		{975575D6-036E-45CC-ACD4-E323CA42C871}.Release|Any CPU.ActiveCfg = Release|Any CPU
		{975575D6-036E-45CC-ACD4-E323CA42C871}.Release|Any CPU.Build.0 = Release|Any CPU
		{975575D6-036E-45CC-ACD4-E323CA42C871}.Release|x64.ActiveCfg = Release|Any CPU
		{975575D6-036E-45CC-ACD4-E323CA42C871}.Release|x64.Build.0 = Release|Any CPU
		{975575D6-036E-45CC-ACD4-E323CA42C871}.Release|x86.ActiveCfg = Release|Any CPU
		{975575D6-036E-45CC-ACD4-E323CA42C871}.Release|x86.Build.0 = Release|Any CPU
		{2C06634A-1294-4EBE-AE96-45CDE55C5BDC}.Debug|Any CPU.ActiveCfg = Debug|Any CPU
		{2C06634A-1294-4EBE-AE96-45CDE55C5BDC}.Debug|Any CPU.Build.0 = Debug|Any CPU
		{2C06634A-1294-4EBE-AE96-45CDE55C5BDC}.Debug|x64.ActiveCfg = Debug|Any CPU
		{2C06634A-1294-4EBE-AE96-45CDE55C5BDC}.Debug|x64.Build.0 = Debug|Any CPU
		{2C06634A-1294-4EBE-AE96-45CDE55C5BDC}.Debug|x86.ActiveCfg = Debug|Any CPU
		{2C06634A-1294-4EBE-AE96-45CDE55C5BDC}.Debug|x86.Build.0 = Debug|Any CPU
		{2C06634A-1294-4EBE-AE96-45CDE55C5BDC}.Release|Any CPU.ActiveCfg = Release|Any CPU
		{2C06634A-1294-4EBE-AE96-45CDE55C5BDC}.Release|Any CPU.Build.0 = Release|Any CPU
		{2C06634A-1294-4EBE-AE96-45CDE55C5BDC}.Release|x64.ActiveCfg = Release|Any CPU
		{2C06634A-1294-4EBE-AE96-45CDE55C5BDC}.Release|x64.Build.0 = Release|Any CPU
		{2C06634A-1294-4EBE-AE96-45CDE55C5BDC}.Release|x86.ActiveCfg = Release|Any CPU
		{2C06634A-1294-4EBE-AE96-45CDE55C5BDC}.Release|x86.Build.0 = Release|Any CPU
		{1231BA21-2003-4970-9739-C5F94FE79AFA}.Debug|Any CPU.ActiveCfg = Debug|Any CPU
		{1231BA21-2003-4970-9739-C5F94FE79AFA}.Debug|Any CPU.Build.0 = Debug|Any CPU
		{1231BA21-2003-4970-9739-C5F94FE79AFA}.Debug|x64.ActiveCfg = Debug|Any CPU
		{1231BA21-2003-4970-9739-C5F94FE79AFA}.Debug|x64.Build.0 = Debug|Any CPU
		{1231BA21-2003-4970-9739-C5F94FE79AFA}.Debug|x86.ActiveCfg = Debug|Any CPU
		{1231BA21-2003-4970-9739-C5F94FE79AFA}.Debug|x86.Build.0 = Debug|Any CPU
		{1231BA21-2003-4970-9739-C5F94FE79AFA}.Release|Any CPU.ActiveCfg = Release|Any CPU
		{1231BA21-2003-4970-9739-C5F94FE79AFA}.Release|Any CPU.Build.0 = Release|Any CPU
		{1231BA21-2003-4970-9739-C5F94FE79AFA}.Release|x64.ActiveCfg = Release|Any CPU
		{1231BA21-2003-4970-9739-C5F94FE79AFA}.Release|x64.Build.0 = Release|Any CPU
		{1231BA21-2003-4970-9739-C5F94FE79AFA}.Release|x86.ActiveCfg = Release|Any CPU
		{1231BA21-2003-4970-9739-C5F94FE79AFA}.Release|x86.Build.0 = Release|Any CPU
		{EDE4631A-23C8-4E49-BAED-68CC5D97DED6}.Debug|Any CPU.ActiveCfg = Debug|Any CPU
		{EDE4631A-23C8-4E49-BAED-68CC5D97DED6}.Debug|Any CPU.Build.0 = Debug|Any CPU
		{EDE4631A-23C8-4E49-BAED-68CC5D97DED6}.Debug|x64.ActiveCfg = Debug|Any CPU
		{EDE4631A-23C8-4E49-BAED-68CC5D97DED6}.Debug|x64.Build.0 = Debug|Any CPU
		{EDE4631A-23C8-4E49-BAED-68CC5D97DED6}.Debug|x86.ActiveCfg = Debug|Any CPU
		{EDE4631A-23C8-4E49-BAED-68CC5D97DED6}.Debug|x86.Build.0 = Debug|Any CPU
		{EDE4631A-23C8-4E49-BAED-68CC5D97DED6}.Release|Any CPU.ActiveCfg = Release|Any CPU
		{EDE4631A-23C8-4E49-BAED-68CC5D97DED6}.Release|Any CPU.Build.0 = Release|Any CPU
		{EDE4631A-23C8-4E49-BAED-68CC5D97DED6}.Release|x64.ActiveCfg = Release|Any CPU
		{EDE4631A-23C8-4E49-BAED-68CC5D97DED6}.Release|x64.Build.0 = Release|Any CPU
		{EDE4631A-23C8-4E49-BAED-68CC5D97DED6}.Release|x86.ActiveCfg = Release|Any CPU
		{EDE4631A-23C8-4E49-BAED-68CC5D97DED6}.Release|x86.Build.0 = Release|Any CPU
		{A6D57187-AB9C-4029-B26A-DC6A97C07B9F}.Debug|Any CPU.ActiveCfg = Debug|Any CPU
		{A6D57187-AB9C-4029-B26A-DC6A97C07B9F}.Debug|Any CPU.Build.0 = Debug|Any CPU
		{A6D57187-AB9C-4029-B26A-DC6A97C07B9F}.Debug|x64.ActiveCfg = Debug|Any CPU
		{A6D57187-AB9C-4029-B26A-DC6A97C07B9F}.Debug|x64.Build.0 = Debug|Any CPU
		{A6D57187-AB9C-4029-B26A-DC6A97C07B9F}.Debug|x86.ActiveCfg = Debug|Any CPU
		{A6D57187-AB9C-4029-B26A-DC6A97C07B9F}.Debug|x86.Build.0 = Debug|Any CPU
		{A6D57187-AB9C-4029-B26A-DC6A97C07B9F}.Release|Any CPU.ActiveCfg = Release|Any CPU
		{A6D57187-AB9C-4029-B26A-DC6A97C07B9F}.Release|Any CPU.Build.0 = Release|Any CPU
		{A6D57187-AB9C-4029-B26A-DC6A97C07B9F}.Release|x64.ActiveCfg = Release|Any CPU
		{A6D57187-AB9C-4029-B26A-DC6A97C07B9F}.Release|x64.Build.0 = Release|Any CPU
		{A6D57187-AB9C-4029-B26A-DC6A97C07B9F}.Release|x86.ActiveCfg = Release|Any CPU
		{A6D57187-AB9C-4029-B26A-DC6A97C07B9F}.Release|x86.Build.0 = Release|Any CPU
		{FE152210-0FB0-4431-9AD1-ABFDCD76BF69}.Debug|Any CPU.ActiveCfg = Debug|Any CPU
		{FE152210-0FB0-4431-9AD1-ABFDCD76BF69}.Debug|Any CPU.Build.0 = Debug|Any CPU
		{FE152210-0FB0-4431-9AD1-ABFDCD76BF69}.Debug|x64.ActiveCfg = Debug|Any CPU
		{FE152210-0FB0-4431-9AD1-ABFDCD76BF69}.Debug|x64.Build.0 = Debug|Any CPU
		{FE152210-0FB0-4431-9AD1-ABFDCD76BF69}.Debug|x86.ActiveCfg = Debug|Any CPU
		{FE152210-0FB0-4431-9AD1-ABFDCD76BF69}.Debug|x86.Build.0 = Debug|Any CPU
		{FE152210-0FB0-4431-9AD1-ABFDCD76BF69}.Release|Any CPU.ActiveCfg = Release|Any CPU
		{FE152210-0FB0-4431-9AD1-ABFDCD76BF69}.Release|Any CPU.Build.0 = Release|Any CPU
		{FE152210-0FB0-4431-9AD1-ABFDCD76BF69}.Release|x64.ActiveCfg = Release|Any CPU
		{FE152210-0FB0-4431-9AD1-ABFDCD76BF69}.Release|x64.Build.0 = Release|Any CPU
		{FE152210-0FB0-4431-9AD1-ABFDCD76BF69}.Release|x86.ActiveCfg = Release|Any CPU
		{FE152210-0FB0-4431-9AD1-ABFDCD76BF69}.Release|x86.Build.0 = Release|Any CPU
		{18F29C12-1071-4075-9271-3BE6C9D22DA2}.Debug|Any CPU.ActiveCfg = Debug|Any CPU
		{18F29C12-1071-4075-9271-3BE6C9D22DA2}.Debug|Any CPU.Build.0 = Debug|Any CPU
		{18F29C12-1071-4075-9271-3BE6C9D22DA2}.Debug|x64.ActiveCfg = Debug|Any CPU
		{18F29C12-1071-4075-9271-3BE6C9D22DA2}.Debug|x64.Build.0 = Debug|Any CPU
		{18F29C12-1071-4075-9271-3BE6C9D22DA2}.Debug|x86.ActiveCfg = Debug|Any CPU
		{18F29C12-1071-4075-9271-3BE6C9D22DA2}.Debug|x86.Build.0 = Debug|Any CPU
		{18F29C12-1071-4075-9271-3BE6C9D22DA2}.Release|Any CPU.ActiveCfg = Release|Any CPU
		{18F29C12-1071-4075-9271-3BE6C9D22DA2}.Release|Any CPU.Build.0 = Release|Any CPU
		{18F29C12-1071-4075-9271-3BE6C9D22DA2}.Release|x64.ActiveCfg = Release|Any CPU
		{18F29C12-1071-4075-9271-3BE6C9D22DA2}.Release|x64.Build.0 = Release|Any CPU
		{18F29C12-1071-4075-9271-3BE6C9D22DA2}.Release|x86.ActiveCfg = Release|Any CPU
		{18F29C12-1071-4075-9271-3BE6C9D22DA2}.Release|x86.Build.0 = Release|Any CPU
		{46BD5E6E-71ED-40C4-883C-295215CB2016}.Debug|Any CPU.ActiveCfg = Debug|Any CPU
		{46BD5E6E-71ED-40C4-883C-295215CB2016}.Debug|Any CPU.Build.0 = Debug|Any CPU
		{46BD5E6E-71ED-40C4-883C-295215CB2016}.Debug|x64.ActiveCfg = Debug|Any CPU
		{46BD5E6E-71ED-40C4-883C-295215CB2016}.Debug|x64.Build.0 = Debug|Any CPU
		{46BD5E6E-71ED-40C4-883C-295215CB2016}.Debug|x86.ActiveCfg = Debug|Any CPU
		{46BD5E6E-71ED-40C4-883C-295215CB2016}.Debug|x86.Build.0 = Debug|Any CPU
		{46BD5E6E-71ED-40C4-883C-295215CB2016}.Release|Any CPU.ActiveCfg = Release|Any CPU
		{46BD5E6E-71ED-40C4-883C-295215CB2016}.Release|Any CPU.Build.0 = Release|Any CPU
		{46BD5E6E-71ED-40C4-883C-295215CB2016}.Release|x64.ActiveCfg = Release|Any CPU
		{46BD5E6E-71ED-40C4-883C-295215CB2016}.Release|x64.Build.0 = Release|Any CPU
		{46BD5E6E-71ED-40C4-883C-295215CB2016}.Release|x86.ActiveCfg = Release|Any CPU
		{46BD5E6E-71ED-40C4-883C-295215CB2016}.Release|x86.Build.0 = Release|Any CPU
		{922998A1-0ACA-476E-9A01-BCEC94EE3897}.Debug|Any CPU.ActiveCfg = Debug|Any CPU
		{922998A1-0ACA-476E-9A01-BCEC94EE3897}.Debug|Any CPU.Build.0 = Debug|Any CPU
		{922998A1-0ACA-476E-9A01-BCEC94EE3897}.Debug|x64.ActiveCfg = Debug|Any CPU
		{922998A1-0ACA-476E-9A01-BCEC94EE3897}.Debug|x64.Build.0 = Debug|Any CPU
		{922998A1-0ACA-476E-9A01-BCEC94EE3897}.Debug|x86.ActiveCfg = Debug|Any CPU
		{922998A1-0ACA-476E-9A01-BCEC94EE3897}.Debug|x86.Build.0 = Debug|Any CPU
		{922998A1-0ACA-476E-9A01-BCEC94EE3897}.Release|Any CPU.ActiveCfg = Release|Any CPU
		{922998A1-0ACA-476E-9A01-BCEC94EE3897}.Release|Any CPU.Build.0 = Release|Any CPU
		{922998A1-0ACA-476E-9A01-BCEC94EE3897}.Release|x64.ActiveCfg = Release|Any CPU
		{922998A1-0ACA-476E-9A01-BCEC94EE3897}.Release|x64.Build.0 = Release|Any CPU
		{922998A1-0ACA-476E-9A01-BCEC94EE3897}.Release|x86.ActiveCfg = Release|Any CPU
		{922998A1-0ACA-476E-9A01-BCEC94EE3897}.Release|x86.Build.0 = Release|Any CPU
		{A94C47EE-B042-4510-947B-E70BC9B9A0C2}.Debug|Any CPU.ActiveCfg = Debug|Any CPU
		{A94C47EE-B042-4510-947B-E70BC9B9A0C2}.Debug|Any CPU.Build.0 = Debug|Any CPU
		{A94C47EE-B042-4510-947B-E70BC9B9A0C2}.Debug|x64.ActiveCfg = Debug|Any CPU
		{A94C47EE-B042-4510-947B-E70BC9B9A0C2}.Debug|x64.Build.0 = Debug|Any CPU
		{A94C47EE-B042-4510-947B-E70BC9B9A0C2}.Debug|x86.ActiveCfg = Debug|Any CPU
		{A94C47EE-B042-4510-947B-E70BC9B9A0C2}.Debug|x86.Build.0 = Debug|Any CPU
		{A94C47EE-B042-4510-947B-E70BC9B9A0C2}.Release|Any CPU.ActiveCfg = Release|Any CPU
		{A94C47EE-B042-4510-947B-E70BC9B9A0C2}.Release|Any CPU.Build.0 = Release|Any CPU
		{A94C47EE-B042-4510-947B-E70BC9B9A0C2}.Release|x64.ActiveCfg = Release|Any CPU
		{A94C47EE-B042-4510-947B-E70BC9B9A0C2}.Release|x64.Build.0 = Release|Any CPU
		{A94C47EE-B042-4510-947B-E70BC9B9A0C2}.Release|x86.ActiveCfg = Release|Any CPU
		{A94C47EE-B042-4510-947B-E70BC9B9A0C2}.Release|x86.Build.0 = Release|Any CPU
		{B4070708-BA16-4D14-8F95-F5EAED94F828}.Debug|Any CPU.ActiveCfg = Debug|Any CPU
		{B4070708-BA16-4D14-8F95-F5EAED94F828}.Debug|Any CPU.Build.0 = Debug|Any CPU
		{B4070708-BA16-4D14-8F95-F5EAED94F828}.Debug|x64.ActiveCfg = Debug|Any CPU
		{B4070708-BA16-4D14-8F95-F5EAED94F828}.Debug|x64.Build.0 = Debug|Any CPU
		{B4070708-BA16-4D14-8F95-F5EAED94F828}.Debug|x86.ActiveCfg = Debug|Any CPU
		{B4070708-BA16-4D14-8F95-F5EAED94F828}.Debug|x86.Build.0 = Debug|Any CPU
		{B4070708-BA16-4D14-8F95-F5EAED94F828}.Release|Any CPU.ActiveCfg = Release|Any CPU
		{B4070708-BA16-4D14-8F95-F5EAED94F828}.Release|Any CPU.Build.0 = Release|Any CPU
		{B4070708-BA16-4D14-8F95-F5EAED94F828}.Release|x64.ActiveCfg = Release|Any CPU
		{B4070708-BA16-4D14-8F95-F5EAED94F828}.Release|x64.Build.0 = Release|Any CPU
		{B4070708-BA16-4D14-8F95-F5EAED94F828}.Release|x86.ActiveCfg = Release|Any CPU
		{B4070708-BA16-4D14-8F95-F5EAED94F828}.Release|x86.Build.0 = Release|Any CPU
		{CFAC0738-8FF0-4BCB-ABE7-CB42ED8186D5}.Debug|Any CPU.ActiveCfg = Debug|Any CPU
		{CFAC0738-8FF0-4BCB-ABE7-CB42ED8186D5}.Debug|Any CPU.Build.0 = Debug|Any CPU
		{CFAC0738-8FF0-4BCB-ABE7-CB42ED8186D5}.Debug|x64.ActiveCfg = Debug|Any CPU
		{CFAC0738-8FF0-4BCB-ABE7-CB42ED8186D5}.Debug|x64.Build.0 = Debug|Any CPU
		{CFAC0738-8FF0-4BCB-ABE7-CB42ED8186D5}.Debug|x86.ActiveCfg = Debug|Any CPU
		{CFAC0738-8FF0-4BCB-ABE7-CB42ED8186D5}.Debug|x86.Build.0 = Debug|Any CPU
		{CFAC0738-8FF0-4BCB-ABE7-CB42ED8186D5}.Release|Any CPU.ActiveCfg = Release|Any CPU
		{CFAC0738-8FF0-4BCB-ABE7-CB42ED8186D5}.Release|Any CPU.Build.0 = Release|Any CPU
		{CFAC0738-8FF0-4BCB-ABE7-CB42ED8186D5}.Release|x64.ActiveCfg = Release|Any CPU
		{CFAC0738-8FF0-4BCB-ABE7-CB42ED8186D5}.Release|x64.Build.0 = Release|Any CPU
		{CFAC0738-8FF0-4BCB-ABE7-CB42ED8186D5}.Release|x86.ActiveCfg = Release|Any CPU
		{CFAC0738-8FF0-4BCB-ABE7-CB42ED8186D5}.Release|x86.Build.0 = Release|Any CPU
		{7BE09D6A-1C58-40DA-986A-9B38851C10DD}.Debug|Any CPU.ActiveCfg = Debug|Any CPU
		{7BE09D6A-1C58-40DA-986A-9B38851C10DD}.Debug|Any CPU.Build.0 = Debug|Any CPU
		{7BE09D6A-1C58-40DA-986A-9B38851C10DD}.Debug|x64.ActiveCfg = Debug|Any CPU
		{7BE09D6A-1C58-40DA-986A-9B38851C10DD}.Debug|x64.Build.0 = Debug|Any CPU
		{7BE09D6A-1C58-40DA-986A-9B38851C10DD}.Debug|x86.ActiveCfg = Debug|Any CPU
		{7BE09D6A-1C58-40DA-986A-9B38851C10DD}.Debug|x86.Build.0 = Debug|Any CPU
		{7BE09D6A-1C58-40DA-986A-9B38851C10DD}.Release|Any CPU.ActiveCfg = Release|Any CPU
		{7BE09D6A-1C58-40DA-986A-9B38851C10DD}.Release|Any CPU.Build.0 = Release|Any CPU
		{7BE09D6A-1C58-40DA-986A-9B38851C10DD}.Release|x64.ActiveCfg = Release|Any CPU
		{7BE09D6A-1C58-40DA-986A-9B38851C10DD}.Release|x64.Build.0 = Release|Any CPU
		{7BE09D6A-1C58-40DA-986A-9B38851C10DD}.Release|x86.ActiveCfg = Release|Any CPU
		{7BE09D6A-1C58-40DA-986A-9B38851C10DD}.Release|x86.Build.0 = Release|Any CPU
		{975575D6-036E-45CC-ACD4-E323CA42C771}.Debug|Any CPU.ActiveCfg = Debug|Any CPU
		{975575D6-036E-45CC-ACD4-E323CA42C771}.Debug|Any CPU.Build.0 = Debug|Any CPU
		{975575D6-036E-45CC-ACD4-E323CA42C771}.Debug|x64.ActiveCfg = Debug|Any CPU
		{975575D6-036E-45CC-ACD4-E323CA42C771}.Debug|x64.Build.0 = Debug|Any CPU
		{975575D6-036E-45CC-ACD4-E323CA42C771}.Debug|x86.ActiveCfg = Debug|Any CPU
		{975575D6-036E-45CC-ACD4-E323CA42C771}.Debug|x86.Build.0 = Debug|Any CPU
		{975575D6-036E-45CC-ACD4-E323CA42C771}.Release|Any CPU.ActiveCfg = Release|Any CPU
		{975575D6-036E-45CC-ACD4-E323CA42C771}.Release|Any CPU.Build.0 = Release|Any CPU
		{975575D6-036E-45CC-ACD4-E323CA42C771}.Release|x64.ActiveCfg = Release|Any CPU
		{975575D6-036E-45CC-ACD4-E323CA42C771}.Release|x64.Build.0 = Release|Any CPU
		{975575D6-036E-45CC-ACD4-E323CA42C771}.Release|x86.ActiveCfg = Release|Any CPU
		{975575D6-036E-45CC-ACD4-E323CA42C771}.Release|x86.Build.0 = Release|Any CPU
		{6F7BCD86-D9AE-42EB-B2FF-2FA4D9D6348F}.Debug|Any CPU.ActiveCfg = Debug|Any CPU
		{6F7BCD86-D9AE-42EB-B2FF-2FA4D9D6348F}.Debug|Any CPU.Build.0 = Debug|Any CPU
		{6F7BCD86-D9AE-42EB-B2FF-2FA4D9D6348F}.Debug|x64.ActiveCfg = Debug|Any CPU
		{6F7BCD86-D9AE-42EB-B2FF-2FA4D9D6348F}.Debug|x64.Build.0 = Debug|Any CPU
		{6F7BCD86-D9AE-42EB-B2FF-2FA4D9D6348F}.Debug|x86.ActiveCfg = Debug|Any CPU
		{6F7BCD86-D9AE-42EB-B2FF-2FA4D9D6348F}.Debug|x86.Build.0 = Debug|Any CPU
		{6F7BCD86-D9AE-42EB-B2FF-2FA4D9D6348F}.Release|Any CPU.ActiveCfg = Release|Any CPU
		{6F7BCD86-D9AE-42EB-B2FF-2FA4D9D6348F}.Release|Any CPU.Build.0 = Release|Any CPU
		{6F7BCD86-D9AE-42EB-B2FF-2FA4D9D6348F}.Release|x64.ActiveCfg = Release|Any CPU
		{6F7BCD86-D9AE-42EB-B2FF-2FA4D9D6348F}.Release|x64.Build.0 = Release|Any CPU
		{6F7BCD86-D9AE-42EB-B2FF-2FA4D9D6348F}.Release|x86.ActiveCfg = Release|Any CPU
		{6F7BCD86-D9AE-42EB-B2FF-2FA4D9D6348F}.Release|x86.Build.0 = Release|Any CPU
		{969672F4-D93B-4888-A6EA-4113A0D55488}.Debug|Any CPU.ActiveCfg = Debug|Any CPU
		{969672F4-D93B-4888-A6EA-4113A0D55488}.Debug|Any CPU.Build.0 = Debug|Any CPU
		{969672F4-D93B-4888-A6EA-4113A0D55488}.Debug|x64.ActiveCfg = Debug|Any CPU
		{969672F4-D93B-4888-A6EA-4113A0D55488}.Debug|x64.Build.0 = Debug|Any CPU
		{969672F4-D93B-4888-A6EA-4113A0D55488}.Debug|x86.ActiveCfg = Debug|Any CPU
		{969672F4-D93B-4888-A6EA-4113A0D55488}.Debug|x86.Build.0 = Debug|Any CPU
		{969672F4-D93B-4888-A6EA-4113A0D55488}.Release|Any CPU.ActiveCfg = Release|Any CPU
		{969672F4-D93B-4888-A6EA-4113A0D55488}.Release|Any CPU.Build.0 = Release|Any CPU
		{969672F4-D93B-4888-A6EA-4113A0D55488}.Release|x64.ActiveCfg = Release|Any CPU
		{969672F4-D93B-4888-A6EA-4113A0D55488}.Release|x64.Build.0 = Release|Any CPU
		{969672F4-D93B-4888-A6EA-4113A0D55488}.Release|x86.ActiveCfg = Release|Any CPU
		{969672F4-D93B-4888-A6EA-4113A0D55488}.Release|x86.Build.0 = Release|Any CPU
	EndGlobalSection
	GlobalSection(SolutionProperties) = preSolution
		HideSolutionNode = FALSE
	EndGlobalSection
	GlobalSection(NestedProjects) = preSolution
		{40BC8178-6D06-4DB4-B3E8-050963369487} = {1448ED40-DBE7-4ADC-B705-0EBC07D8C0F8}
		{9B154406-0AF6-45A9-BF32-9C5C23822B6B} = {87CA7057-3A23-4358-B185-F2128016264F}
		{8E7D4AC9-AB34-4F3A-BFC6-7BC7B9AAC9AE} = {87CA7057-3A23-4358-B185-F2128016264F}
		{705621E7-A1AE-478C-B781-FA8C5F474B05} = {87CA7057-3A23-4358-B185-F2128016264F}
		{FD3D54D0-3DC2-4F8F-BF72-8DF49A60A2A5} = {E4B237F6-6EA5-45A9-B05E-931FA02003C2}
		{D6D983A1-3D45-4357-830E-015CA4C3CD1D} = {87CA7057-3A23-4358-B185-F2128016264F}
		{A0BB6836-F5B1-4A67-B675-12E5F017808B} = {E4B237F6-6EA5-45A9-B05E-931FA02003C2}
		{5902C901-86A3-42EA-A348-2916CD87568C} = {87CA7057-3A23-4358-B185-F2128016264F}
		{975575D6-036E-45CC-ACD4-E323CA42C871} = {87CA7057-3A23-4358-B185-F2128016264F}
		{2C06634A-1294-4EBE-AE96-45CDE55C5BDC} = {87CA7057-3A23-4358-B185-F2128016264F}
		{1231BA21-2003-4970-9739-C5F94FE79AFA} = {87CA7057-3A23-4358-B185-F2128016264F}
		{EDE4631A-23C8-4E49-BAED-68CC5D97DED6} = {87CA7057-3A23-4358-B185-F2128016264F}
		{A6D57187-AB9C-4029-B26A-DC6A97C07B9F} = {87CA7057-3A23-4358-B185-F2128016264F}
		{FE152210-0FB0-4431-9AD1-ABFDCD76BF69} = {87CA7057-3A23-4358-B185-F2128016264F}
		{18F29C12-1071-4075-9271-3BE6C9D22DA2} = {87CA7057-3A23-4358-B185-F2128016264F}
		{46BD5E6E-71ED-40C4-883C-295215CB2016} = {87CA7057-3A23-4358-B185-F2128016264F}
		{922998A1-0ACA-476E-9A01-BCEC94EE3897} = {87CA7057-3A23-4358-B185-F2128016264F}
		{A94C47EE-B042-4510-947B-E70BC9B9A0C2} = {87CA7057-3A23-4358-B185-F2128016264F}
		{B4070708-BA16-4D14-8F95-F5EAED94F828} = {9AC7529B-D6E4-4FF6-B3DC-6305F99B6C5C}
		{CFAC0738-8FF0-4BCB-ABE7-CB42ED8186D5} = {87CA7057-3A23-4358-B185-F2128016264F}
		{7BE09D6A-1C58-40DA-986A-9B38851C10DD} = {87CA7057-3A23-4358-B185-F2128016264F}
		{975575D6-036E-45CC-ACD4-E323CA42C771} = {87CA7057-3A23-4358-B185-F2128016264F}
		{BF073198-6A19-4882-BDFB-130D8EAFFCF0} = {1448ED40-DBE7-4ADC-B705-0EBC07D8C0F8}
		{6F7BCD86-D9AE-42EB-B2FF-2FA4D9D6348F} = {87CA7057-3A23-4358-B185-F2128016264F}
		{2582F37F-C5FC-4271-94C5-CFCC6657E559} = {1448ED40-DBE7-4ADC-B705-0EBC07D8C0F8}
		{969672F4-D93B-4888-A6EA-4113A0D55488} = {87CA7057-3A23-4358-B185-F2128016264F}
	EndGlobalSection
EndGlobal
