Microsoft Visual Studio Solution File, Format Version 12.00
# Visual Studio 15
VisualStudioVersion = 15.0.27130.0
MinimumVisualStudioVersion = 10.0.40219.1
Project("{F2A71F9B-5D33-465A-A702-920D77279786}") = "OpenCoverPathConverter", "OpenCoverPathConverter\OpenCoverPathConverter.fsproj", "{969672F4-D93B-4888-A6EA-4113A0D55488}"
EndProject
Project("{F2A71F9B-5D33-465A-A702-920D77279786}") = "OpenCoverConverterImp", "OpenCoverConverterImp\OpenCoverConverterImp.fsproj", "{3C3B50B4-67A2-4E76-9E67-AB1C1A5597D5}"
EndProject
Global
	GlobalSection(SolutionConfigurationPlatforms) = preSolution
		Debug|Any CPU = Debug|Any CPU
		Debug|x64 = Debug|x64
		Release|Any CPU = Release|Any CPU
		Release|x64 = Release|x64
	EndGlobalSection
	GlobalSection(ProjectConfigurationPlatforms) = postSolution
		{969672F4-D93B-4888-A6EA-4113A0D55488}.Debug|Any CPU.ActiveCfg = Debug|Any CPU
		{969672F4-D93B-4888-A6EA-4113A0D55488}.Debug|Any CPU.Build.0 = Debug|Any CPU
		{969672F4-D93B-4888-A6EA-4113A0D55488}.Debug|x64.ActiveCfg = Debug|x64
		{969672F4-D93B-4888-A6EA-4113A0D55488}.Debug|x64.Build.0 = Debug|x64
		{969672F4-D93B-4888-A6EA-4113A0D55488}.Release|Any CPU.ActiveCfg = Release|Any CPU
		{969672F4-D93B-4888-A6EA-4113A0D55488}.Release|Any CPU.Build.0 = Release|Any CPU
		{969672F4-D93B-4888-A6EA-4113A0D55488}.Release|x64.ActiveCfg = Release|x64
		{969672F4-D93B-4888-A6EA-4113A0D55488}.Release|x64.Build.0 = Release|x64
		{3C3B50B4-67A2-4E76-9E67-AB1C1A5597D5}.Debug|Any CPU.ActiveCfg = Debug|Any CPU
		{3C3B50B4-67A2-4E76-9E67-AB1C1A5597D5}.Debug|Any CPU.Build.0 = Debug|Any CPU
		{3C3B50B4-67A2-4E76-9E67-AB1C1A5597D5}.Debug|x64.ActiveCfg = Debug|Any CPU
		{3C3B50B4-67A2-4E76-9E67-AB1C1A5597D5}.Debug|x64.Build.0 = Debug|Any CPU
		{3C3B50B4-67A2-4E76-9E67-AB1C1A5597D5}.Release|Any CPU.ActiveCfg = Release|Any CPU
		{3C3B50B4-67A2-4E76-9E67-AB1C1A5597D5}.Release|Any CPU.Build.0 = Release|Any CPU
		{3C3B50B4-67A2-4E76-9E67-AB1C1A5597D5}.Release|x64.ActiveCfg = Release|Any CPU
		{3C3B50B4-67A2-4E76-9E67-AB1C1A5597D5}.Release|x64.Build.0 = Release|Any CPU
	EndGlobalSection
	GlobalSection(SolutionProperties) = preSolution
		HideSolutionNode = FALSE
	EndGlobalSection
	GlobalSection(ExtensibilityGlobals) = postSolution
		SolutionGuid = {E4EDA82B-8576-4779-95B2-08CCA2835D6F}
	EndGlobalSection
EndGlobal
